
Microsoft Visual Studio Solution File, Format Version 12.00
# Visual Studio 15
VisualStudioVersion = 15.0.27004.2002
MinimumVisualStudioVersion = 10.0.40219.1
Project("{FAE04EC0-301F-11D3-BF4B-00C04F79EFBC}") = "ASynchFibonacci_GumanAlperen", "ASynchFibonacci_GumanAlperen\ASynchFibonacci_GumanAlperen.csproj", "{57864FB4-B021-4FAB-B336-9C4FBDCCB279}"
EndProject
Global
	GlobalSection(SolutionConfigurationPlatforms) = preSolution
		Debug|Any CPU = Debug|Any CPU
		Release|Any CPU = Release|Any CPU
	EndGlobalSection
	GlobalSection(ProjectConfigurationPlatforms) = postSolution
		{57864FB4-B021-4FAB-B336-9C4FBDCCB279}.Debug|Any CPU.ActiveCfg = Debug|Any CPU
		{57864FB4-B021-4FAB-B336-9C4FBDCCB279}.Debug|Any CPU.Build.0 = Debug|Any CPU
		{57864FB4-B021-4FAB-B336-9C4FBDCCB279}.Release|Any CPU.ActiveCfg = Release|Any CPU
		{57864FB4-B021-4FAB-B336-9C4FBDCCB279}.Release|Any CPU.Build.0 = Release|Any CPU
	EndGlobalSection
	GlobalSection(SolutionProperties) = preSolution
		HideSolutionNode = FALSE
	EndGlobalSection
	GlobalSection(ExtensibilityGlobals) = postSolution
		SolutionGuid = {12E50195-F820-4A3A-A2A9-9461719D6CDA}
	EndGlobalSection
EndGlobal
